<Solution>
  <Folder Name="/Src/">
    <Project Path="Src/DeepSharp/DeepSharp.csproj" />
    <Project Path="Src/DeepSharp.Pipelines/DeepSharp.Pipelines.csproj" />
    <Project Path="Src/DeepSharp.Pipelines.DataFrame/DeepSharp.Pipelines.DataFrame.csproj" />
    <Project Path="Src/DeepSharp.Pipelines.Indicators/DeepSharp.Pipelines.Indicators.csproj" />
    <Project Path="Src/DeepSharp.Notebooks.Verso/DeepSharp.Notebooks.Verso.csproj" />
  </Folder>
  <Folder Name="/Samples/">
    <Project Path="Samples/DeepSharp.Sample.Pipelines/DeepSharp.Sample.Pipelines.csproj" />
  </Folder>
  <Folder Name="/Tst/" />
  <Folder Name="/Tst/DeepSharp/">
    <Project Path="Tst/DeepSharp/DeepSharp.Tests.csproj" />
  </Folder>
  <Folder Name="/Tst/DeepSharp.Notebooks.Verso/">
    <Project Path="Tst/DeepSharp.Notebooks.Verso/DeepSharp.Notebooks.Verso.Tests.csproj" />
  </Folder>
</Solution>
